
Microsoft Visual Studio Solution File, Format Version 12.00
# Visual Studio Version 17
VisualStudioVersion = 17.1.32210.238
MinimumVisualStudioVersion = 10.0.40219.1
Project("{FAE04EC0-301F-11D3-BF4B-00C04F79EFBC}") = "ExcelMacroAdd", "ExcelMacroAdd\ExcelMacroAdd.csproj", "{C02824CF-DD45-4ACC-BE8A-ABF0DBE546F4}"
EndProject
Project("{9A19103F-16F7-4668-BE54-9A1E7A4F7556}") = "ExelMacroAdd.Tests", "ExelMacroAdd.Tests\ExelMacroAdd.Tests.csproj", "{ED2F89E9-BE78-44AD-B550-DE229A1A624E}"
EndProject
Project("{FAE04EC0-301F-11D3-BF4B-00C04F79EFBC}") = "Searilizator", "Searilizator\Searilizator.csproj", "{A5A6C2AA-AEF4-426A-A150-41F24B65E2D9}"
EndProject
Global
	GlobalSection(SolutionConfigurationPlatforms) = preSolution
		Debug|Any CPU = Debug|Any CPU
		Release|Any CPU = Release|Any CPU
	EndGlobalSection
	GlobalSection(ProjectConfigurationPlatforms) = postSolution
		{C02824CF-DD45-4ACC-BE8A-ABF0DBE546F4}.Debug|Any CPU.ActiveCfg = Debug|Any CPU
		{C02824CF-DD45-4ACC-BE8A-ABF0DBE546F4}.Debug|Any CPU.Build.0 = Debug|Any CPU
		{C02824CF-DD45-4ACC-BE8A-ABF0DBE546F4}.Release|Any CPU.ActiveCfg = Release|Any CPU
		{C02824CF-DD45-4ACC-BE8A-ABF0DBE546F4}.Release|Any CPU.Build.0 = Release|Any CPU
		{ED2F89E9-BE78-44AD-B550-DE229A1A624E}.Debug|Any CPU.ActiveCfg = Debug|Any CPU
		{ED2F89E9-BE78-44AD-B550-DE229A1A624E}.Debug|Any CPU.Build.0 = Debug|Any CPU
		{ED2F89E9-BE78-44AD-B550-DE229A1A624E}.Release|Any CPU.ActiveCfg = Release|Any CPU
		{ED2F89E9-BE78-44AD-B550-DE229A1A624E}.Release|Any CPU.Build.0 = Release|Any CPU
		{A5A6C2AA-AEF4-426A-A150-41F24B65E2D9}.Debug|Any CPU.ActiveCfg = Debug|Any CPU
		{A5A6C2AA-AEF4-426A-A150-41F24B65E2D9}.Debug|Any CPU.Build.0 = Debug|Any CPU
		{A5A6C2AA-AEF4-426A-A150-41F24B65E2D9}.Release|Any CPU.ActiveCfg = Release|Any CPU
		{A5A6C2AA-AEF4-426A-A150-41F24B65E2D9}.Release|Any CPU.Build.0 = Release|Any CPU
	EndGlobalSection
	GlobalSection(SolutionProperties) = preSolution
		HideSolutionNode = FALSE
	EndGlobalSection
	GlobalSection(ExtensibilityGlobals) = postSolution
		SolutionGuid = {34903C68-3B1F-4E29-902B-5F3DAC42829E}
	EndGlobalSection
EndGlobal
